
Microsoft Visual Studio Solution File, Format Version 12.00
# Visual Studio Version 17
VisualStudioVersion = 17.0.31903.59
MinimumVisualStudioVersion = 10.0.40219.1
Project("{2150E333-8FDC-42A3-9474-1A3956D46DE8}") = "ShopManagement", "ShopManagement", "{CA43D4CE-28E1-45BD-8C33-2EAF8512FA36}"
EndProject
Project("{2150E333-8FDC-42A3-9474-1A3956D46DE8}") = "SM.Domain", "SM.Domain", "{BAC1DD6A-147D-4D94-BCEF-C8CA607FE7F6}"
EndProject
Project("{9A19103F-16F7-4668-BE54-9A1E7A4F7556}") = "ShopManagement.Domain", "ShopManagement.Domain\ShopManagement.Domain.csproj", "{DE9170A1-9916-4C58-82B8-D5AAEBBC4376}"
EndProject
Project("{9A19103F-16F7-4668-BE54-9A1E7A4F7556}") = "0_FrameWork", "0_FrameWork\0_FrameWork.csproj", "{73E580E6-7855-49F2-96DF-9C9C16EED328}"
EndProject
Project("{2150E333-8FDC-42A3-9474-1A3956D46DE8}") = "SM.Application", "SM.Application", "{5EDAEC1C-929B-4796-9FC6-30C3C2DAB6C7}"
EndProject
Project("{9A19103F-16F7-4668-BE54-9A1E7A4F7556}") = "ShopManagement.Application", "ShopManagement.Application\ShopManagement.Application.csproj", "{74D65BFC-60FC-4321-AE5E-63EAB7C13CF0}"
EndProject
Project("{9A19103F-16F7-4668-BE54-9A1E7A4F7556}") = "ShopManagement.Application.Contracts", "ShopManagement.Application.Contracts\ShopManagement.Application.Contracts.csproj", "{99595033-AA1D-4AAD-9C64-45B2718B2565}"
EndProject
Project("{2150E333-8FDC-42A3-9474-1A3956D46DE8}") = "SM.Infrastructure", "SM.Infrastructure", "{7E59A076-6510-46C2-97F2-7123C6DFA6B2}"
EndProject
Project("{9A19103F-16F7-4668-BE54-9A1E7A4F7556}") = "ShopManagement.Infrastructure.EFCore", "ShopManagement.Infrastructure.EFCore\ShopManagement.Infrastructure.EFCore.csproj", "{D431EBB2-FD6E-4285-B5F0-3537231E0A9B}"
EndProject
Project("{9A19103F-16F7-4668-BE54-9A1E7A4F7556}") = "ShopManagement.Configuration", "ShopManagement.Configuration\ShopManagement.Configuration.csproj", "{FD82448B-4034-4119-BAFE-48A2EE0A5FC2}"
EndProject
Project("{9A19103F-16F7-4668-BE54-9A1E7A4F7556}") = "ServiceHost", "ServiceHost\ServiceHost.csproj", "{E7DD34D0-59B1-4A40-AA8F-66AEFCF1FAFD}"
EndProject
Project("{9A19103F-16F7-4668-BE54-9A1E7A4F7556}") = "01_ShopQuery", "01_ShopQuery\01_ShopQuery.csproj", "{0FA25ACD-072A-4914-AE6C-A44F5841E089}"
EndProject
Project("{2150E333-8FDC-42A3-9474-1A3956D46DE8}") = "DiscountManagement", "DiscountManagement", "{76FF1D4E-19F1-441A-A70A-977BC6020DCA}"
EndProject
Project("{2150E333-8FDC-42A3-9474-1A3956D46DE8}") = "DM.Domain", "DM.Domain", "{19053BAE-1C6B-462D-814F-2B539A83C1FC}"
EndProject
Project("{2150E333-8FDC-42A3-9474-1A3956D46DE8}") = "DM.Application", "DM.Application", "{C835807F-C8D3-4185-A686-76D75771A8C1}"
EndProject
Project("{2150E333-8FDC-42A3-9474-1A3956D46DE8}") = "DM.Infrastructure", "DM.Infrastructure", "{D52E52C7-085A-490C-BCCF-2D78F8C2C7D3}"
EndProject
Project("{9A19103F-16F7-4668-BE54-9A1E7A4F7556}") = "DiscountManagement.Domain", "DiscountManagement.Domain\DiscountManagement.Domain.csproj", "{0AC34D50-7148-46EC-844F-09F2CFF997A7}"
EndProject
Project("{9A19103F-16F7-4668-BE54-9A1E7A4F7556}") = "DiscountManagement.Application.Contract", "DiscountManagement.Application.Contract\DiscountManagement.Application.Contract.csproj", "{43411713-F2D1-46B5-B822-F4207BB74EA7}"
EndProject
Project("{9A19103F-16F7-4668-BE54-9A1E7A4F7556}") = "DiscountManagement.Application", "DiscountManagement.Application\DiscountManagement.Application.csproj", "{0D36C337-0088-41A1-8241-8EB93037A4DD}"
EndProject
Project("{9A19103F-16F7-4668-BE54-9A1E7A4F7556}") = "DiscountManagement.Configuration", "DiscountManagement.Configuration\DiscountManagement.Configuration.csproj", "{8C3514F7-341D-4F0C-8273-2261A9029337}"
EndProject
Project("{9A19103F-16F7-4668-BE54-9A1E7A4F7556}") = "DiscountManagement.Infrastructure.EFCore", "DiscountManagement.Infrastructure.EFCore\DiscountManagement.Infrastructure.EFCore.csproj", "{15C8AB13-4975-4046-8150-E4CCAD42BE07}"
EndProject
Project("{2150E333-8FDC-42A3-9474-1A3956D46DE8}") = "InventoryManagement", "InventoryManagement", "{21F4BE48-E3CF-4541-A501-846E4311D171}"
EndProject
Project("{2150E333-8FDC-42A3-9474-1A3956D46DE8}") = "IM.Domain", "IM.Domain", "{CD5AAC6B-1170-461F-8246-9B4D05345910}"
EndProject
Project("{FAE04EC0-301F-11D3-BF4B-00C04F79EFBC}") = "InventoryManagement.Domain", "InventoryManagement.Domain\InventoryManagement.Domain.csproj", "{9E705A2C-C1F7-49E4-ABEF-F93265886675}"
EndProject
Global
	GlobalSection(SolutionConfigurationPlatforms) = preSolution
		Debug|Any CPU = Debug|Any CPU
		Release|Any CPU = Release|Any CPU
	EndGlobalSection
	GlobalSection(ProjectConfigurationPlatforms) = postSolution
		{DE9170A1-9916-4C58-82B8-D5AAEBBC4376}.Debug|Any CPU.ActiveCfg = Debug|Any CPU
		{DE9170A1-9916-4C58-82B8-D5AAEBBC4376}.Debug|Any CPU.Build.0 = Debug|Any CPU
		{DE9170A1-9916-4C58-82B8-D5AAEBBC4376}.Release|Any CPU.ActiveCfg = Release|Any CPU
		{DE9170A1-9916-4C58-82B8-D5AAEBBC4376}.Release|Any CPU.Build.0 = Release|Any CPU
		{73E580E6-7855-49F2-96DF-9C9C16EED328}.Debug|Any CPU.ActiveCfg = Debug|Any CPU
		{73E580E6-7855-49F2-96DF-9C9C16EED328}.Debug|Any CPU.Build.0 = Debug|Any CPU
		{73E580E6-7855-49F2-96DF-9C9C16EED328}.Release|Any CPU.ActiveCfg = Release|Any CPU
		{73E580E6-7855-49F2-96DF-9C9C16EED328}.Release|Any CPU.Build.0 = Release|Any CPU
		{74D65BFC-60FC-4321-AE5E-63EAB7C13CF0}.Debug|Any CPU.ActiveCfg = Debug|Any CPU
		{74D65BFC-60FC-4321-AE5E-63EAB7C13CF0}.Debug|Any CPU.Build.0 = Debug|Any CPU
		{74D65BFC-60FC-4321-AE5E-63EAB7C13CF0}.Release|Any CPU.ActiveCfg = Release|Any CPU
		{74D65BFC-60FC-4321-AE5E-63EAB7C13CF0}.Release|Any CPU.Build.0 = Release|Any CPU
		{99595033-AA1D-4AAD-9C64-45B2718B2565}.Debug|Any CPU.ActiveCfg = Debug|Any CPU
		{99595033-AA1D-4AAD-9C64-45B2718B2565}.Debug|Any CPU.Build.0 = Debug|Any CPU
		{99595033-AA1D-4AAD-9C64-45B2718B2565}.Release|Any CPU.ActiveCfg = Release|Any CPU
		{99595033-AA1D-4AAD-9C64-45B2718B2565}.Release|Any CPU.Build.0 = Release|Any CPU
		{D431EBB2-FD6E-4285-B5F0-3537231E0A9B}.Debug|Any CPU.ActiveCfg = Debug|Any CPU
		{D431EBB2-FD6E-4285-B5F0-3537231E0A9B}.Debug|Any CPU.Build.0 = Debug|Any CPU
		{D431EBB2-FD6E-4285-B5F0-3537231E0A9B}.Release|Any CPU.ActiveCfg = Release|Any CPU
		{D431EBB2-FD6E-4285-B5F0-3537231E0A9B}.Release|Any CPU.Build.0 = Release|Any CPU
		{FD82448B-4034-4119-BAFE-48A2EE0A5FC2}.Debug|Any CPU.ActiveCfg = Debug|Any CPU
		{FD82448B-4034-4119-BAFE-48A2EE0A5FC2}.Debug|Any CPU.Build.0 = Debug|Any CPU
		{FD82448B-4034-4119-BAFE-48A2EE0A5FC2}.Release|Any CPU.ActiveCfg = Release|Any CPU
		{FD82448B-4034-4119-BAFE-48A2EE0A5FC2}.Release|Any CPU.Build.0 = Release|Any CPU
		{E7DD34D0-59B1-4A40-AA8F-66AEFCF1FAFD}.Debug|Any CPU.ActiveCfg = Debug|Any CPU
		{E7DD34D0-59B1-4A40-AA8F-66AEFCF1FAFD}.Debug|Any CPU.Build.0 = Debug|Any CPU
		{E7DD34D0-59B1-4A40-AA8F-66AEFCF1FAFD}.Release|Any CPU.ActiveCfg = Release|Any CPU
		{E7DD34D0-59B1-4A40-AA8F-66AEFCF1FAFD}.Release|Any CPU.Build.0 = Release|Any CPU
		{0FA25ACD-072A-4914-AE6C-A44F5841E089}.Debug|Any CPU.ActiveCfg = Debug|Any CPU
		{0FA25ACD-072A-4914-AE6C-A44F5841E089}.Debug|Any CPU.Build.0 = Debug|Any CPU
		{0FA25ACD-072A-4914-AE6C-A44F5841E089}.Release|Any CPU.ActiveCfg = Release|Any CPU
		{0FA25ACD-072A-4914-AE6C-A44F5841E089}.Release|Any CPU.Build.0 = Release|Any CPU
		{0AC34D50-7148-46EC-844F-09F2CFF997A7}.Debug|Any CPU.ActiveCfg = Debug|Any CPU
		{0AC34D50-7148-46EC-844F-09F2CFF997A7}.Debug|Any CPU.Build.0 = Debug|Any CPU
		{0AC34D50-7148-46EC-844F-09F2CFF997A7}.Release|Any CPU.ActiveCfg = Release|Any CPU
		{0AC34D50-7148-46EC-844F-09F2CFF997A7}.Release|Any CPU.Build.0 = Release|Any CPU
		{43411713-F2D1-46B5-B822-F4207BB74EA7}.Debug|Any CPU.ActiveCfg = Debug|Any CPU
		{43411713-F2D1-46B5-B822-F4207BB74EA7}.Debug|Any CPU.Build.0 = Debug|Any CPU
		{43411713-F2D1-46B5-B822-F4207BB74EA7}.Release|Any CPU.ActiveCfg = Release|Any CPU
		{43411713-F2D1-46B5-B822-F4207BB74EA7}.Release|Any CPU.Build.0 = Release|Any CPU
		{0D36C337-0088-41A1-8241-8EB93037A4DD}.Debug|Any CPU.ActiveCfg = Debug|Any CPU
		{0D36C337-0088-41A1-8241-8EB93037A4DD}.Debug|Any CPU.Build.0 = Debug|Any CPU
		{0D36C337-0088-41A1-8241-8EB93037A4DD}.Release|Any CPU.ActiveCfg = Release|Any CPU
		{0D36C337-0088-41A1-8241-8EB93037A4DD}.Release|Any CPU.Build.0 = Release|Any CPU
		{8C3514F7-341D-4F0C-8273-2261A9029337}.Debug|Any CPU.ActiveCfg = Debug|Any CPU
		{8C3514F7-341D-4F0C-8273-2261A9029337}.Debug|Any CPU.Build.0 = Debug|Any CPU
		{8C3514F7-341D-4F0C-8273-2261A9029337}.Release|Any CPU.ActiveCfg = Release|Any CPU
		{8C3514F7-341D-4F0C-8273-2261A9029337}.Release|Any CPU.Build.0 = Release|Any CPU
		{15C8AB13-4975-4046-8150-E4CCAD42BE07}.Debug|Any CPU.ActiveCfg = Debug|Any CPU
		{15C8AB13-4975-4046-8150-E4CCAD42BE07}.Debug|Any CPU.Build.0 = Debug|Any CPU
		{15C8AB13-4975-4046-8150-E4CCAD42BE07}.Release|Any CPU.ActiveCfg = Release|Any CPU
		{15C8AB13-4975-4046-8150-E4CCAD42BE07}.Release|Any CPU.Build.0 = Release|Any CPU
		{9E705A2C-C1F7-49E4-ABEF-F93265886675}.Debug|Any CPU.ActiveCfg = Debug|Any CPU
		{9E705A2C-C1F7-49E4-ABEF-F93265886675}.Debug|Any CPU.Build.0 = Debug|Any CPU
		{9E705A2C-C1F7-49E4-ABEF-F93265886675}.Release|Any CPU.ActiveCfg = Release|Any CPU
		{9E705A2C-C1F7-49E4-ABEF-F93265886675}.Release|Any CPU.Build.0 = Release|Any CPU
	EndGlobalSection
	GlobalSection(SolutionProperties) = preSolution
		HideSolutionNode = FALSE
	EndGlobalSection
	GlobalSection(NestedProjects) = preSolution
		{BAC1DD6A-147D-4D94-BCEF-C8CA607FE7F6} = {CA43D4CE-28E1-45BD-8C33-2EAF8512FA36}
		{DE9170A1-9916-4C58-82B8-D5AAEBBC4376} = {BAC1DD6A-147D-4D94-BCEF-C8CA607FE7F6}
		{5EDAEC1C-929B-4796-9FC6-30C3C2DAB6C7} = {CA43D4CE-28E1-45BD-8C33-2EAF8512FA36}
		{74D65BFC-60FC-4321-AE5E-63EAB7C13CF0} = {5EDAEC1C-929B-4796-9FC6-30C3C2DAB6C7}
		{99595033-AA1D-4AAD-9C64-45B2718B2565} = {5EDAEC1C-929B-4796-9FC6-30C3C2DAB6C7}
		{7E59A076-6510-46C2-97F2-7123C6DFA6B2} = {CA43D4CE-28E1-45BD-8C33-2EAF8512FA36}
		{D431EBB2-FD6E-4285-B5F0-3537231E0A9B} = {7E59A076-6510-46C2-97F2-7123C6DFA6B2}
		{FD82448B-4034-4119-BAFE-48A2EE0A5FC2} = {7E59A076-6510-46C2-97F2-7123C6DFA6B2}
		{19053BAE-1C6B-462D-814F-2B539A83C1FC} = {76FF1D4E-19F1-441A-A70A-977BC6020DCA}
		{C835807F-C8D3-4185-A686-76D75771A8C1} = {76FF1D4E-19F1-441A-A70A-977BC6020DCA}
		{D52E52C7-085A-490C-BCCF-2D78F8C2C7D3} = {76FF1D4E-19F1-441A-A70A-977BC6020DCA}
		{0AC34D50-7148-46EC-844F-09F2CFF997A7} = {19053BAE-1C6B-462D-814F-2B539A83C1FC}
		{43411713-F2D1-46B5-B822-F4207BB74EA7} = {C835807F-C8D3-4185-A686-76D75771A8C1}
		{0D36C337-0088-41A1-8241-8EB93037A4DD} = {C835807F-C8D3-4185-A686-76D75771A8C1}
		{8C3514F7-341D-4F0C-8273-2261A9029337} = {D52E52C7-085A-490C-BCCF-2D78F8C2C7D3}
		{15C8AB13-4975-4046-8150-E4CCAD42BE07} = {D52E52C7-085A-490C-BCCF-2D78F8C2C7D3}
		{CD5AAC6B-1170-461F-8246-9B4D05345910} = {21F4BE48-E3CF-4541-A501-846E4311D171}
		{9E705A2C-C1F7-49E4-ABEF-F93265886675} = {CD5AAC6B-1170-461F-8246-9B4D05345910}
	EndGlobalSection
	GlobalSection(ExtensibilityGlobals) = postSolution
		SolutionGuid = {8E47B989-E27F-477A-B1F9-7F6EFA731BDB}
	EndGlobalSection
EndGlobal
