
Microsoft Visual Studio Solution File, Format Version 12.00
# Visual Studio Version 17
VisualStudioVersion = 17.0.31903.59
MinimumVisualStudioVersion = 10.0.40219.1
Project("{2150E333-8FDC-42A3-9474-1A3956D46DE8}") = "ShopManagement", "ShopManagement", "{CA43D4CE-28E1-45BD-8C33-2EAF8512FA36}"
EndProject
Project("{2150E333-8FDC-42A3-9474-1A3956D46DE8}") = "SM.Domain", "SM.Domain", "{BAC1DD6A-147D-4D94-BCEF-C8CA607FE7F6}"
EndProject
Project("{9A19103F-16F7-4668-BE54-9A1E7A4F7556}") = "ShopManagement.Domain", "ShopManagement.Domain\ShopManagement.Domain.csproj", "{DE9170A1-9916-4C58-82B8-D5AAEBBC4376}"
EndProject
Project("{9A19103F-16F7-4668-BE54-9A1E7A4F7556}") = "0_FrameWork", "0_FrameWork\0_FrameWork.csproj", "{73E580E6-7855-49F2-96DF-9C9C16EED328}"
EndProject
Project("{2150E333-8FDC-42A3-9474-1A3956D46DE8}") = "SM.Application", "SM.Application", "{5EDAEC1C-929B-4796-9FC6-30C3C2DAB6C7}"
EndProject
Project("{9A19103F-16F7-4668-BE54-9A1E7A4F7556}") = "ShopManagement.Application", "ShopManagement.Application\ShopManagement.Application.csproj", "{74D65BFC-60FC-4321-AE5E-63EAB7C13CF0}"
EndProject
Project("{9A19103F-16F7-4668-BE54-9A1E7A4F7556}") = "ShopManagement.Application.Contracts", "ShopManagement.Application.Contracts\ShopManagement.Application.Contracts.csproj", "{99595033-AA1D-4AAD-9C64-45B2718B2565}"
EndProject
Project("{2150E333-8FDC-42A3-9474-1A3956D46DE8}") = "SM.Infrastructure", "SM.Infrastructure", "{7E59A076-6510-46C2-97F2-7123C6DFA6B2}"
EndProject
Project("{9A19103F-16F7-4668-BE54-9A1E7A4F7556}") = "ShopManagement.Infrastructure.EFCore", "ShopManagement.Infrastructure.EFCore\ShopManagement.Infrastructure.EFCore.csproj", "{D431EBB2-FD6E-4285-B5F0-3537231E0A9B}"
EndProject
Project("{9A19103F-16F7-4668-BE54-9A1E7A4F7556}") = "ShopManagement.Configuration", "ShopManagement.Configuration\ShopManagement.Configuration.csproj", "{FD82448B-4034-4119-BAFE-48A2EE0A5FC2}"
EndProject
Project("{9A19103F-16F7-4668-BE54-9A1E7A4F7556}") = "ServiceHost", "ServiceHost\ServiceHost.csproj", "{E7DD34D0-59B1-4A40-AA8F-66AEFCF1FAFD}"
EndProject
Global
	GlobalSection(SolutionConfigurationPlatforms) = preSolution
		Debug|Any CPU = Debug|Any CPU
		Release|Any CPU = Release|Any CPU
	EndGlobalSection
	GlobalSection(ProjectConfigurationPlatforms) = postSolution
		{DE9170A1-9916-4C58-82B8-D5AAEBBC4376}.Debug|Any CPU.ActiveCfg = Debug|Any CPU
		{DE9170A1-9916-4C58-82B8-D5AAEBBC4376}.Debug|Any CPU.Build.0 = Debug|Any CPU
		{DE9170A1-9916-4C58-82B8-D5AAEBBC4376}.Release|Any CPU.ActiveCfg = Release|Any CPU
		{DE9170A1-9916-4C58-82B8-D5AAEBBC4376}.Release|Any CPU.Build.0 = Release|Any CPU
		{73E580E6-7855-49F2-96DF-9C9C16EED328}.Debug|Any CPU.ActiveCfg = Debug|Any CPU
		{73E580E6-7855-49F2-96DF-9C9C16EED328}.Debug|Any CPU.Build.0 = Debug|Any CPU
		{73E580E6-7855-49F2-96DF-9C9C16EED328}.Release|Any CPU.ActiveCfg = Release|Any CPU
		{73E580E6-7855-49F2-96DF-9C9C16EED328}.Release|Any CPU.Build.0 = Release|Any CPU
		{74D65BFC-60FC-4321-AE5E-63EAB7C13CF0}.Debug|Any CPU.ActiveCfg = Debug|Any CPU
		{74D65BFC-60FC-4321-AE5E-63EAB7C13CF0}.Debug|Any CPU.Build.0 = Debug|Any CPU
		{74D65BFC-60FC-4321-AE5E-63EAB7C13CF0}.Release|Any CPU.ActiveCfg = Release|Any CPU
		{74D65BFC-60FC-4321-AE5E-63EAB7C13CF0}.Release|Any CPU.Build.0 = Release|Any CPU
		{99595033-AA1D-4AAD-9C64-45B2718B2565}.Debug|Any CPU.ActiveCfg = Debug|Any CPU
		{99595033-AA1D-4AAD-9C64-45B2718B2565}.Debug|Any CPU.Build.0 = Debug|Any CPU
		{99595033-AA1D-4AAD-9C64-45B2718B2565}.Release|Any CPU.ActiveCfg = Release|Any CPU
		{99595033-AA1D-4AAD-9C64-45B2718B2565}.Release|Any CPU.Build.0 = Release|Any CPU
		{D431EBB2-FD6E-4285-B5F0-3537231E0A9B}.Debug|Any CPU.ActiveCfg = Debug|Any CPU
		{D431EBB2-FD6E-4285-B5F0-3537231E0A9B}.Debug|Any CPU.Build.0 = Debug|Any CPU
		{D431EBB2-FD6E-4285-B5F0-3537231E0A9B}.Release|Any CPU.ActiveCfg = Release|Any CPU
		{D431EBB2-FD6E-4285-B5F0-3537231E0A9B}.Release|Any CPU.Build.0 = Release|Any CPU
		{FD82448B-4034-4119-BAFE-48A2EE0A5FC2}.Debug|Any CPU.ActiveCfg = Debug|Any CPU
		{FD82448B-4034-4119-BAFE-48A2EE0A5FC2}.Debug|Any CPU.Build.0 = Debug|Any CPU
		{FD82448B-4034-4119-BAFE-48A2EE0A5FC2}.Release|Any CPU.ActiveCfg = Release|Any CPU
		{FD82448B-4034-4119-BAFE-48A2EE0A5FC2}.Release|Any CPU.Build.0 = Release|Any CPU
		{E7DD34D0-59B1-4A40-AA8F-66AEFCF1FAFD}.Debug|Any CPU.ActiveCfg = Debug|Any CPU
		{E7DD34D0-59B1-4A40-AA8F-66AEFCF1FAFD}.Debug|Any CPU.Build.0 = Debug|Any CPU
		{E7DD34D0-59B1-4A40-AA8F-66AEFCF1FAFD}.Release|Any CPU.ActiveCfg = Release|Any CPU
		{E7DD34D0-59B1-4A40-AA8F-66AEFCF1FAFD}.Release|Any CPU.Build.0 = Release|Any CPU
	EndGlobalSection
	GlobalSection(SolutionProperties) = preSolution
		HideSolutionNode = FALSE
	EndGlobalSection
	GlobalSection(NestedProjects) = preSolution
		{BAC1DD6A-147D-4D94-BCEF-C8CA607FE7F6} = {CA43D4CE-28E1-45BD-8C33-2EAF8512FA36}
		{DE9170A1-9916-4C58-82B8-D5AAEBBC4376} = {BAC1DD6A-147D-4D94-BCEF-C8CA607FE7F6}
		{5EDAEC1C-929B-4796-9FC6-30C3C2DAB6C7} = {CA43D4CE-28E1-45BD-8C33-2EAF8512FA36}
		{74D65BFC-60FC-4321-AE5E-63EAB7C13CF0} = {5EDAEC1C-929B-4796-9FC6-30C3C2DAB6C7}
		{99595033-AA1D-4AAD-9C64-45B2718B2565} = {5EDAEC1C-929B-4796-9FC6-30C3C2DAB6C7}
		{7E59A076-6510-46C2-97F2-7123C6DFA6B2} = {CA43D4CE-28E1-45BD-8C33-2EAF8512FA36}
		{D431EBB2-FD6E-4285-B5F0-3537231E0A9B} = {7E59A076-6510-46C2-97F2-7123C6DFA6B2}
		{FD82448B-4034-4119-BAFE-48A2EE0A5FC2} = {7E59A076-6510-46C2-97F2-7123C6DFA6B2}
	EndGlobalSection
	GlobalSection(ExtensibilityGlobals) = postSolution
		SolutionGuid = {8E47B989-E27F-477A-B1F9-7F6EFA731BDB}
	EndGlobalSection
EndGlobal
